
Microsoft Visual Studio Solution File, Format Version 12.00
# Visual Studio Version 17
VisualStudioVersion = 17.14.36401.2 d17.14
MinimumVisualStudioVersion = 10.0.40219.1
Project("{FAE04EC0-301F-11D3-BF4B-00C04F79EFBC}") = "AkordideApi", "AkordideApi.csproj", "{BAD5959E-64BA-42CB-9E15-978028ED612E}"
EndProject
Global
	GlobalSection(SolutionConfigurationPlatforms) = preSolution
		Debug|Any CPU = Debug|Any CPU
		Release|Any CPU = Release|Any CPU
	EndGlobalSection
	GlobalSection(ProjectConfigurationPlatforms) = postSolution
		{BAD5959E-64BA-42CB-9E15-978028ED612E}.Debug|Any CPU.ActiveCfg = Debug|Any CPU
		{BAD5959E-64BA-42CB-9E15-978028ED612E}.Debug|Any CPU.Build.0 = Debug|Any CPU
		{BAD5959E-64BA-42CB-9E15-978028ED612E}.Release|Any CPU.ActiveCfg = Release|Any CPU
		{BAD5959E-64BA-42CB-9E15-978028ED612E}.Release|Any CPU.Build.0 = Release|Any CPU
	EndGlobalSection
	GlobalSection(SolutionProperties) = preSolution
		HideSolutionNode = FALSE
	EndGlobalSection
	GlobalSection(ExtensibilityGlobals) = postSolution
		SolutionGuid = {F9400D47-21CE-4195-A3F0-B92A57CD7663}
	EndGlobalSection
EndGlobal
